
Microsoft Visual Studio Solution File, Format Version 12.00
# Visual Studio 14
VisualStudioVersion = 14.0.25123.0
MinimumVisualStudioVersion = 10.0.40219.1
Project("{FAE04EC0-301F-11D3-BF4B-00C04F79EFBC}") = "MaskedEntry.Droid", "MaskedEntry\MaskedEntry.Droid\MaskedEntry.Droid.csproj", "{A5E74C8A-B699-400A-8F1E-F8C071563F21}"
EndProject
Project("{FAE04EC0-301F-11D3-BF4B-00C04F79EFBC}") = "MaskedEntry.iOS", "MaskedEntry\MaskedEntry.iOS\MaskedEntry.iOS.csproj", "{22AB8166-A131-4958-A5D1-77F27376FFA1}"
EndProject
Project("{FAE04EC0-301F-11D3-BF4B-00C04F79EFBC}") = "MaskedEntry.WinPhone", "MaskedEntry\MaskedEntry.WinPhone\MaskedEntry.WinPhone.csproj", "{3A7A9348-FE53-4CB8-B6E9-A742C97D84EF}"
EndProject
Project("{FAE04EC0-301F-11D3-BF4B-00C04F79EFBC}") = "MaskedEntry", "MaskedEntry\MaskedEntry\MaskedEntry.csproj", "{197A9724-4E2C-45EF-83A7-2AF868DAAEB7}"
EndProject
Global
	GlobalSection(SolutionConfigurationPlatforms) = preSolution
		Ad-Hoc|Any CPU = Ad-Hoc|Any CPU
		Ad-Hoc|ARM = Ad-Hoc|ARM
		Ad-Hoc|iPhone = Ad-Hoc|iPhone
		Ad-Hoc|iPhoneSimulator = Ad-Hoc|iPhoneSimulator
		Ad-Hoc|x86 = Ad-Hoc|x86
		AppStore|Any CPU = AppStore|Any CPU
		AppStore|ARM = AppStore|ARM
		AppStore|iPhone = AppStore|iPhone
		AppStore|iPhoneSimulator = AppStore|iPhoneSimulator
		AppStore|x86 = AppStore|x86
		Debug|Any CPU = Debug|Any CPU
		Debug|ARM = Debug|ARM
		Debug|iPhone = Debug|iPhone
		Debug|iPhoneSimulator = Debug|iPhoneSimulator
		Debug|x86 = Debug|x86
		Release|Any CPU = Release|Any CPU
		Release|ARM = Release|ARM
		Release|iPhone = Release|iPhone
		Release|iPhoneSimulator = Release|iPhoneSimulator
		Release|x86 = Release|x86
	EndGlobalSection
	GlobalSection(ProjectConfigurationPlatforms) = postSolution
		{A5E74C8A-B699-400A-8F1E-F8C071563F21}.Ad-Hoc|Any CPU.ActiveCfg = Release|Any CPU
		{A5E74C8A-B699-400A-8F1E-F8C071563F21}.Ad-Hoc|Any CPU.Build.0 = Release|Any CPU
		{A5E74C8A-B699-400A-8F1E-F8C071563F21}.Ad-Hoc|Any CPU.Deploy.0 = Release|Any CPU
		{A5E74C8A-B699-400A-8F1E-F8C071563F21}.Ad-Hoc|ARM.ActiveCfg = Release|Any CPU
		{A5E74C8A-B699-400A-8F1E-F8C071563F21}.Ad-Hoc|ARM.Build.0 = Release|Any CPU
		{A5E74C8A-B699-400A-8F1E-F8C071563F21}.Ad-Hoc|ARM.Deploy.0 = Release|Any CPU
		{A5E74C8A-B699-400A-8F1E-F8C071563F21}.Ad-Hoc|iPhone.ActiveCfg = Release|Any CPU
		{A5E74C8A-B699-400A-8F1E-F8C071563F21}.Ad-Hoc|iPhone.Build.0 = Release|Any CPU
		{A5E74C8A-B699-400A-8F1E-F8C071563F21}.Ad-Hoc|iPhone.Deploy.0 = Release|Any CPU
		{A5E74C8A-B699-400A-8F1E-F8C071563F21}.Ad-Hoc|iPhoneSimulator.ActiveCfg = Release|Any CPU
		{A5E74C8A-B699-400A-8F1E-F8C071563F21}.Ad-Hoc|iPhoneSimulator.Build.0 = Release|Any CPU
		{A5E74C8A-B699-400A-8F1E-F8C071563F21}.Ad-Hoc|iPhoneSimulator.Deploy.0 = Release|Any CPU
		{A5E74C8A-B699-400A-8F1E-F8C071563F21}.Ad-Hoc|x86.ActiveCfg = Release|Any CPU
		{A5E74C8A-B699-400A-8F1E-F8C071563F21}.Ad-Hoc|x86.Build.0 = Release|Any CPU
		{A5E74C8A-B699-400A-8F1E-F8C071563F21}.Ad-Hoc|x86.Deploy.0 = Release|Any CPU
		{A5E74C8A-B699-400A-8F1E-F8C071563F21}.AppStore|Any CPU.ActiveCfg = Release|Any CPU
		{A5E74C8A-B699-400A-8F1E-F8C071563F21}.AppStore|Any CPU.Build.0 = Release|Any CPU
		{A5E74C8A-B699-400A-8F1E-F8C071563F21}.AppStore|Any CPU.Deploy.0 = Release|Any CPU
		{A5E74C8A-B699-400A-8F1E-F8C071563F21}.AppStore|ARM.ActiveCfg = Release|Any CPU
		{A5E74C8A-B699-400A-8F1E-F8C071563F21}.AppStore|ARM.Build.0 = Release|Any CPU
		{A5E74C8A-B699-400A-8F1E-F8C071563F21}.AppStore|ARM.Deploy.0 = Release|Any CPU
		{A5E74C8A-B699-400A-8F1E-F8C071563F21}.AppStore|iPhone.ActiveCfg = Release|Any CPU
		{A5E74C8A-B699-400A-8F1E-F8C071563F21}.AppStore|iPhone.Build.0 = Release|Any CPU
		{A5E74C8A-B699-400A-8F1E-F8C071563F21}.AppStore|iPhone.Deploy.0 = Release|Any CPU
		{A5E74C8A-B699-400A-8F1E-F8C071563F21}.AppStore|iPhoneSimulator.ActiveCfg = Release|Any CPU
		{A5E74C8A-B699-400A-8F1E-F8C071563F21}.AppStore|iPhoneSimulator.Build.0 = Release|Any CPU
		{A5E74C8A-B699-400A-8F1E-F8C071563F21}.AppStore|iPhoneSimulator.Deploy.0 = Release|Any CPU
		{A5E74C8A-B699-400A-8F1E-F8C071563F21}.AppStore|x86.ActiveCfg = Release|Any CPU
		{A5E74C8A-B699-400A-8F1E-F8C071563F21}.AppStore|x86.Build.0 = Release|Any CPU
		{A5E74C8A-B699-400A-8F1E-F8C071563F21}.AppStore|x86.Deploy.0 = Release|Any CPU
		{A5E74C8A-B699-400A-8F1E-F8C071563F21}.Debug|Any CPU.ActiveCfg = Debug|Any CPU
		{A5E74C8A-B699-400A-8F1E-F8C071563F21}.Debug|Any CPU.Build.0 = Debug|Any CPU
		{A5E74C8A-B699-400A-8F1E-F8C071563F21}.Debug|Any CPU.Deploy.0 = Debug|Any CPU
		{A5E74C8A-B699-400A-8F1E-F8C071563F21}.Debug|ARM.ActiveCfg = Debug|Any CPU
		{A5E74C8A-B699-400A-8F1E-F8C071563F21}.Debug|ARM.Build.0 = Debug|Any CPU
		{A5E74C8A-B699-400A-8F1E-F8C071563F21}.Debug|ARM.Deploy.0 = Debug|Any CPU
		{A5E74C8A-B699-400A-8F1E-F8C071563F21}.Debug|iPhone.ActiveCfg = Debug|Any CPU
		{A5E74C8A-B699-400A-8F1E-F8C071563F21}.Debug|iPhone.Build.0 = Debug|Any CPU
		{A5E74C8A-B699-400A-8F1E-F8C071563F21}.Debug|iPhone.Deploy.0 = Debug|Any CPU
		{A5E74C8A-B699-400A-8F1E-F8C071563F21}.Debug|iPhoneSimulator.ActiveCfg = Debug|Any CPU
		{A5E74C8A-B699-400A-8F1E-F8C071563F21}.Debug|iPhoneSimulator.Build.0 = Debug|Any CPU
		{A5E74C8A-B699-400A-8F1E-F8C071563F21}.Debug|iPhoneSimulator.Deploy.0 = Debug|Any CPU
		{A5E74C8A-B699-400A-8F1E-F8C071563F21}.Debug|x86.ActiveCfg = Debug|Any CPU
		{A5E74C8A-B699-400A-8F1E-F8C071563F21}.Debug|x86.Build.0 = Debug|Any CPU
		{A5E74C8A-B699-400A-8F1E-F8C071563F21}.Debug|x86.Deploy.0 = Debug|Any CPU
		{A5E74C8A-B699-400A-8F1E-F8C071563F21}.Release|Any CPU.ActiveCfg = Release|Any CPU
		{A5E74C8A-B699-400A-8F1E-F8C071563F21}.Release|Any CPU.Build.0 = Release|Any CPU
		{A5E74C8A-B699-400A-8F1E-F8C071563F21}.Release|Any CPU.Deploy.0 = Release|Any CPU
		{A5E74C8A-B699-400A-8F1E-F8C071563F21}.Release|ARM.ActiveCfg = Release|Any CPU
		{A5E74C8A-B699-400A-8F1E-F8C071563F21}.Release|ARM.Build.0 = Release|Any CPU
		{A5E74C8A-B699-400A-8F1E-F8C071563F21}.Release|ARM.Deploy.0 = Release|Any CPU
		{A5E74C8A-B699-400A-8F1E-F8C071563F21}.Release|iPhone.ActiveCfg = Release|Any CPU
		{A5E74C8A-B699-400A-8F1E-F8C071563F21}.Release|iPhone.Build.0 = Release|Any CPU
		{A5E74C8A-B699-400A-8F1E-F8C071563F21}.Release|iPhone.Deploy.0 = Release|Any CPU
		{A5E74C8A-B699-400A-8F1E-F8C071563F21}.Release|iPhoneSimulator.ActiveCfg = Release|Any CPU
		{A5E74C8A-B699-400A-8F1E-F8C071563F21}.Release|iPhoneSimulator.Build.0 = Release|Any CPU
		{A5E74C8A-B699-400A-8F1E-F8C071563F21}.Release|iPhoneSimulator.Deploy.0 = Release|Any CPU
		{A5E74C8A-B699-400A-8F1E-F8C071563F21}.Release|x86.ActiveCfg = Release|Any CPU
		{A5E74C8A-B699-400A-8F1E-F8C071563F21}.Release|x86.Build.0 = Release|Any CPU
		{A5E74C8A-B699-400A-8F1E-F8C071563F21}.Release|x86.Deploy.0 = Release|Any CPU
		{22AB8166-A131-4958-A5D1-77F27376FFA1}.Ad-Hoc|Any CPU.ActiveCfg = Ad-Hoc|iPhone
		{22AB8166-A131-4958-A5D1-77F27376FFA1}.Ad-Hoc|ARM.ActiveCfg = Ad-Hoc|iPhone
		{22AB8166-A131-4958-A5D1-77F27376FFA1}.Ad-Hoc|iPhone.ActiveCfg = Ad-Hoc|iPhone
		{22AB8166-A131-4958-A5D1-77F27376FFA1}.Ad-Hoc|iPhone.Build.0 = Ad-Hoc|iPhone
		{22AB8166-A131-4958-A5D1-77F27376FFA1}.Ad-Hoc|iPhoneSimulator.ActiveCfg = Ad-Hoc|iPhoneSimulator
		{22AB8166-A131-4958-A5D1-77F27376FFA1}.Ad-Hoc|iPhoneSimulator.Build.0 = Ad-Hoc|iPhoneSimulator
		{22AB8166-A131-4958-A5D1-77F27376FFA1}.Ad-Hoc|x86.ActiveCfg = Ad-Hoc|iPhone
		{22AB8166-A131-4958-A5D1-77F27376FFA1}.AppStore|Any CPU.ActiveCfg = AppStore|iPhone
		{22AB8166-A131-4958-A5D1-77F27376FFA1}.AppStore|ARM.ActiveCfg = AppStore|iPhone
		{22AB8166-A131-4958-A5D1-77F27376FFA1}.AppStore|iPhone.ActiveCfg = AppStore|iPhone
		{22AB8166-A131-4958-A5D1-77F27376FFA1}.AppStore|iPhone.Build.0 = AppStore|iPhone
		{22AB8166-A131-4958-A5D1-77F27376FFA1}.AppStore|iPhoneSimulator.ActiveCfg = AppStore|iPhoneSimulator
		{22AB8166-A131-4958-A5D1-77F27376FFA1}.AppStore|iPhoneSimulator.Build.0 = AppStore|iPhoneSimulator
		{22AB8166-A131-4958-A5D1-77F27376FFA1}.AppStore|x86.ActiveCfg = AppStore|iPhone
		{22AB8166-A131-4958-A5D1-77F27376FFA1}.Debug|Any CPU.ActiveCfg = Debug|iPhone
		{22AB8166-A131-4958-A5D1-77F27376FFA1}.Debug|ARM.ActiveCfg = Debug|iPhone
		{22AB8166-A131-4958-A5D1-77F27376FFA1}.Debug|iPhone.ActiveCfg = Debug|iPhone
		{22AB8166-A131-4958-A5D1-77F27376FFA1}.Debug|iPhone.Build.0 = Debug|iPhone
		{22AB8166-A131-4958-A5D1-77F27376FFA1}.Debug|iPhoneSimulator.ActiveCfg = Debug|iPhoneSimulator
		{22AB8166-A131-4958-A5D1-77F27376FFA1}.Debug|iPhoneSimulator.Build.0 = Debug|iPhoneSimulator
		{22AB8166-A131-4958-A5D1-77F27376FFA1}.Debug|x86.ActiveCfg = Debug|iPhone
		{22AB8166-A131-4958-A5D1-77F27376FFA1}.Release|Any CPU.ActiveCfg = Release|iPhone
		{22AB8166-A131-4958-A5D1-77F27376FFA1}.Release|ARM.ActiveCfg = Release|iPhone
		{22AB8166-A131-4958-A5D1-77F27376FFA1}.Release|iPhone.ActiveCfg = Release|iPhone
		{22AB8166-A131-4958-A5D1-77F27376FFA1}.Release|iPhone.Build.0 = Release|iPhone
		{22AB8166-A131-4958-A5D1-77F27376FFA1}.Release|iPhoneSimulator.ActiveCfg = Release|iPhoneSimulator
		{22AB8166-A131-4958-A5D1-77F27376FFA1}.Release|iPhoneSimulator.Build.0 = Release|iPhoneSimulator
		{22AB8166-A131-4958-A5D1-77F27376FFA1}.Release|x86.ActiveCfg = Release|iPhone
		{3A7A9348-FE53-4CB8-B6E9-A742C97D84EF}.Ad-Hoc|Any CPU.ActiveCfg = Release|Any CPU
		{3A7A9348-FE53-4CB8-B6E9-A742C97D84EF}.Ad-Hoc|Any CPU.Build.0 = Release|Any CPU
		{3A7A9348-FE53-4CB8-B6E9-A742C97D84EF}.Ad-Hoc|Any CPU.Deploy.0 = Release|Any CPU
		{3A7A9348-FE53-4CB8-B6E9-A742C97D84EF}.Ad-Hoc|ARM.ActiveCfg = Release|ARM
		{3A7A9348-FE53-4CB8-B6E9-A742C97D84EF}.Ad-Hoc|ARM.Build.0 = Release|ARM
		{3A7A9348-FE53-4CB8-B6E9-A742C97D84EF}.Ad-Hoc|ARM.Deploy.0 = Release|ARM
		{3A7A9348-FE53-4CB8-B6E9-A742C97D84EF}.Ad-Hoc|iPhone.ActiveCfg = Release|Any CPU
		{3A7A9348-FE53-4CB8-B6E9-A742C97D84EF}.Ad-Hoc|iPhone.Build.0 = Release|Any CPU
		{3A7A9348-FE53-4CB8-B6E9-A742C97D84EF}.Ad-Hoc|iPhone.Deploy.0 = Release|Any CPU
		{3A7A9348-FE53-4CB8-B6E9-A742C97D84EF}.Ad-Hoc|iPhoneSimulator.ActiveCfg = Release|Any CPU
		{3A7A9348-FE53-4CB8-B6E9-A742C97D84EF}.Ad-Hoc|iPhoneSimulator.Build.0 = Release|Any CPU
		{3A7A9348-FE53-4CB8-B6E9-A742C97D84EF}.Ad-Hoc|iPhoneSimulator.Deploy.0 = Release|Any CPU
		{3A7A9348-FE53-4CB8-B6E9-A742C97D84EF}.Ad-Hoc|x86.ActiveCfg = Release|x86
		{3A7A9348-FE53-4CB8-B6E9-A742C97D84EF}.Ad-Hoc|x86.Build.0 = Release|x86
		{3A7A9348-FE53-4CB8-B6E9-A742C97D84EF}.Ad-Hoc|x86.Deploy.0 = Release|x86
		{3A7A9348-FE53-4CB8-B6E9-A742C97D84EF}.AppStore|Any CPU.ActiveCfg = Release|Any CPU
		{3A7A9348-FE53-4CB8-B6E9-A742C97D84EF}.AppStore|Any CPU.Build.0 = Release|Any CPU
		{3A7A9348-FE53-4CB8-B6E9-A742C97D84EF}.AppStore|Any CPU.Deploy.0 = Release|Any CPU
		{3A7A9348-FE53-4CB8-B6E9-A742C97D84EF}.AppStore|ARM.ActiveCfg = Release|ARM
		{3A7A9348-FE53-4CB8-B6E9-A742C97D84EF}.AppStore|ARM.Build.0 = Release|ARM
		{3A7A9348-FE53-4CB8-B6E9-A742C97D84EF}.AppStore|ARM.Deploy.0 = Release|ARM
		{3A7A9348-FE53-4CB8-B6E9-A742C97D84EF}.AppStore|iPhone.ActiveCfg = Release|Any CPU
		{3A7A9348-FE53-4CB8-B6E9-A742C97D84EF}.AppStore|iPhone.Build.0 = Release|Any CPU
		{3A7A9348-FE53-4CB8-B6E9-A742C97D84EF}.AppStore|iPhone.Deploy.0 = Release|Any CPU
		{3A7A9348-FE53-4CB8-B6E9-A742C97D84EF}.AppStore|iPhoneSimulator.ActiveCfg = Release|Any CPU
		{3A7A9348-FE53-4CB8-B6E9-A742C97D84EF}.AppStore|iPhoneSimulator.Build.0 = Release|Any CPU
		{3A7A9348-FE53-4CB8-B6E9-A742C97D84EF}.AppStore|iPhoneSimulator.Deploy.0 = Release|Any CPU
		{3A7A9348-FE53-4CB8-B6E9-A742C97D84EF}.AppStore|x86.ActiveCfg = Release|x86
		{3A7A9348-FE53-4CB8-B6E9-A742C97D84EF}.AppStore|x86.Build.0 = Release|x86
		{3A7A9348-FE53-4CB8-B6E9-A742C97D84EF}.AppStore|x86.Deploy.0 = Release|x86
		{3A7A9348-FE53-4CB8-B6E9-A742C97D84EF}.Debug|Any CPU.ActiveCfg = Debug|Any CPU
		{3A7A9348-FE53-4CB8-B6E9-A742C97D84EF}.Debug|Any CPU.Build.0 = Debug|Any CPU
		{3A7A9348-FE53-4CB8-B6E9-A742C97D84EF}.Debug|Any CPU.Deploy.0 = Debug|Any CPU
		{3A7A9348-FE53-4CB8-B6E9-A742C97D84EF}.Debug|ARM.ActiveCfg = Debug|ARM
		{3A7A9348-FE53-4CB8-B6E9-A742C97D84EF}.Debug|ARM.Build.0 = Debug|ARM
		{3A7A9348-FE53-4CB8-B6E9-A742C97D84EF}.Debug|ARM.Deploy.0 = Debug|ARM
		{3A7A9348-FE53-4CB8-B6E9-A742C97D84EF}.Debug|iPhone.ActiveCfg = Debug|Any CPU
		{3A7A9348-FE53-4CB8-B6E9-A742C97D84EF}.Debug|iPhone.Build.0 = Debug|Any CPU
		{3A7A9348-FE53-4CB8-B6E9-A742C97D84EF}.Debug|iPhone.Deploy.0 = Debug|Any CPU
		{3A7A9348-FE53-4CB8-B6E9-A742C97D84EF}.Debug|iPhoneSimulator.ActiveCfg = Debug|Any CPU
		{3A7A9348-FE53-4CB8-B6E9-A742C97D84EF}.Debug|iPhoneSimulator.Build.0 = Debug|Any CPU
		{3A7A9348-FE53-4CB8-B6E9-A742C97D84EF}.Debug|iPhoneSimulator.Deploy.0 = Debug|Any CPU
		{3A7A9348-FE53-4CB8-B6E9-A742C97D84EF}.Debug|x86.ActiveCfg = Debug|x86
		{3A7A9348-FE53-4CB8-B6E9-A742C97D84EF}.Debug|x86.Build.0 = Debug|x86
		{3A7A9348-FE53-4CB8-B6E9-A742C97D84EF}.Debug|x86.Deploy.0 = Debug|x86
		{3A7A9348-FE53-4CB8-B6E9-A742C97D84EF}.Release|Any CPU.ActiveCfg = Release|Any CPU
		{3A7A9348-FE53-4CB8-B6E9-A742C97D84EF}.Release|Any CPU.Build.0 = Release|Any CPU
		{3A7A9348-FE53-4CB8-B6E9-A742C97D84EF}.Release|Any CPU.Deploy.0 = Release|Any CPU
		{3A7A9348-FE53-4CB8-B6E9-A742C97D84EF}.Release|ARM.ActiveCfg = Release|ARM
		{3A7A9348-FE53-4CB8-B6E9-A742C97D84EF}.Release|ARM.Build.0 = Release|ARM
		{3A7A9348-FE53-4CB8-B6E9-A742C97D84EF}.Release|ARM.Deploy.0 = Release|ARM
		{3A7A9348-FE53-4CB8-B6E9-A742C97D84EF}.Release|iPhone.ActiveCfg = Release|Any CPU
		{3A7A9348-FE53-4CB8-B6E9-A742C97D84EF}.Release|iPhone.Build.0 = Release|Any CPU
		{3A7A9348-FE53-4CB8-B6E9-A742C97D84EF}.Release|iPhone.Deploy.0 = Release|Any CPU
		{3A7A9348-FE53-4CB8-B6E9-A742C97D84EF}.Release|iPhoneSimulator.ActiveCfg = Release|Any CPU
		{3A7A9348-FE53-4CB8-B6E9-A742C97D84EF}.Release|iPhoneSimulator.Build.0 = Release|Any CPU
		{3A7A9348-FE53-4CB8-B6E9-A742C97D84EF}.Release|iPhoneSimulator.Deploy.0 = Release|Any CPU
		{3A7A9348-FE53-4CB8-B6E9-A742C97D84EF}.Release|x86.ActiveCfg = Release|x86
		{3A7A9348-FE53-4CB8-B6E9-A742C97D84EF}.Release|x86.Build.0 = Release|x86
		{3A7A9348-FE53-4CB8-B6E9-A742C97D84EF}.Release|x86.Deploy.0 = Release|x86
		{197A9724-4E2C-45EF-83A7-2AF868DAAEB7}.Ad-Hoc|Any CPU.ActiveCfg = Release|Any CPU
		{197A9724-4E2C-45EF-83A7-2AF868DAAEB7}.Ad-Hoc|Any CPU.Build.0 = Release|Any CPU
		{197A9724-4E2C-45EF-83A7-2AF868DAAEB7}.Ad-Hoc|ARM.ActiveCfg = Release|Any CPU
		{197A9724-4E2C-45EF-83A7-2AF868DAAEB7}.Ad-Hoc|ARM.Build.0 = Release|Any CPU
		{197A9724-4E2C-45EF-83A7-2AF868DAAEB7}.Ad-Hoc|iPhone.ActiveCfg = Release|Any CPU
		{197A9724-4E2C-45EF-83A7-2AF868DAAEB7}.Ad-Hoc|iPhone.Build.0 = Release|Any CPU
		{197A9724-4E2C-45EF-83A7-2AF868DAAEB7}.Ad-Hoc|iPhoneSimulator.ActiveCfg = Release|Any CPU
		{197A9724-4E2C-45EF-83A7-2AF868DAAEB7}.Ad-Hoc|iPhoneSimulator.Build.0 = Release|Any CPU
		{197A9724-4E2C-45EF-83A7-2AF868DAAEB7}.Ad-Hoc|x86.ActiveCfg = Release|Any CPU
		{197A9724-4E2C-45EF-83A7-2AF868DAAEB7}.Ad-Hoc|x86.Build.0 = Release|Any CPU
		{197A9724-4E2C-45EF-83A7-2AF868DAAEB7}.AppStore|Any CPU.ActiveCfg = Release|Any CPU
		{197A9724-4E2C-45EF-83A7-2AF868DAAEB7}.AppStore|Any CPU.Build.0 = Release|Any CPU
		{197A9724-4E2C-45EF-83A7-2AF868DAAEB7}.AppStore|ARM.ActiveCfg = Release|Any CPU
		{197A9724-4E2C-45EF-83A7-2AF868DAAEB7}.AppStore|ARM.Build.0 = Release|Any CPU
		{197A9724-4E2C-45EF-83A7-2AF868DAAEB7}.AppStore|iPhone.ActiveCfg = Release|Any CPU
		{197A9724-4E2C-45EF-83A7-2AF868DAAEB7}.AppStore|iPhone.Build.0 = Release|Any CPU
		{197A9724-4E2C-45EF-83A7-2AF868DAAEB7}.AppStore|iPhoneSimulator.ActiveCfg = Release|Any CPU
		{197A9724-4E2C-45EF-83A7-2AF868DAAEB7}.AppStore|iPhoneSimulator.Build.0 = Release|Any CPU
		{197A9724-4E2C-45EF-83A7-2AF868DAAEB7}.AppStore|x86.ActiveCfg = Release|Any CPU
		{197A9724-4E2C-45EF-83A7-2AF868DAAEB7}.AppStore|x86.Build.0 = Release|Any CPU
		{197A9724-4E2C-45EF-83A7-2AF868DAAEB7}.Debug|Any CPU.ActiveCfg = Debug|Any CPU
		{197A9724-4E2C-45EF-83A7-2AF868DAAEB7}.Debug|Any CPU.Build.0 = Debug|Any CPU
		{197A9724-4E2C-45EF-83A7-2AF868DAAEB7}.Debug|ARM.ActiveCfg = Debug|Any CPU
		{197A9724-4E2C-45EF-83A7-2AF868DAAEB7}.Debug|ARM.Build.0 = Debug|Any CPU
		{197A9724-4E2C-45EF-83A7-2AF868DAAEB7}.Debug|iPhone.ActiveCfg = Debug|Any CPU
		{197A9724-4E2C-45EF-83A7-2AF868DAAEB7}.Debug|iPhone.Build.0 = Debug|Any CPU
		{197A9724-4E2C-45EF-83A7-2AF868DAAEB7}.Debug|iPhoneSimulator.ActiveCfg = Debug|Any CPU
		{197A9724-4E2C-45EF-83A7-2AF868DAAEB7}.Debug|iPhoneSimulator.Build.0 = Debug|Any CPU
		{197A9724-4E2C-45EF-83A7-2AF868DAAEB7}.Debug|x86.ActiveCfg = Debug|Any CPU
		{197A9724-4E2C-45EF-83A7-2AF868DAAEB7}.Debug|x86.Build.0 = Debug|Any CPU
		{197A9724-4E2C-45EF-83A7-2AF868DAAEB7}.Release|Any CPU.ActiveCfg = Release|Any CPU
		{197A9724-4E2C-45EF-83A7-2AF868DAAEB7}.Release|Any CPU.Build.0 = Release|Any CPU
		{197A9724-4E2C-45EF-83A7-2AF868DAAEB7}.Release|ARM.ActiveCfg = Release|Any CPU
		{197A9724-4E2C-45EF-83A7-2AF868DAAEB7}.Release|ARM.Build.0 = Release|Any CPU
		{197A9724-4E2C-45EF-83A7-2AF868DAAEB7}.Release|iPhone.ActiveCfg = Release|Any CPU
		{197A9724-4E2C-45EF-83A7-2AF868DAAEB7}.Release|iPhone.Build.0 = Release|Any CPU
		{197A9724-4E2C-45EF-83A7-2AF868DAAEB7}.Release|iPhoneSimulator.ActiveCfg = Release|Any CPU
		{197A9724-4E2C-45EF-83A7-2AF868DAAEB7}.Release|iPhoneSimulator.Build.0 = Release|Any CPU
		{197A9724-4E2C-45EF-83A7-2AF868DAAEB7}.Release|x86.ActiveCfg = Release|Any CPU
		{197A9724-4E2C-45EF-83A7-2AF868DAAEB7}.Release|x86.Build.0 = Release|Any CPU
	EndGlobalSection
	GlobalSection(SolutionProperties) = preSolution
		HideSolutionNode = FALSE
	EndGlobalSection
EndGlobal
